dependencies:
  idf:
    source:
      type: idf
    version: 5.2.2
  lvgl/lvgl:
    component_hash: 948bff879a345149b83065535bbc4a026ce9f47498a22881e432a264b9098015
    dependencies: []
    source:
      registry_url: https://components.espressif.com/
      type: service
    version: 8.3.11
direct_dependencies:
- idf
- lvgl/lvgl
manifest_hash: d6fb030bd126df41ea8a879fa95eeb6b3b01e2053b3617e0791f8d275fb1f361
target: esp32s3
version: 2.0.0
